
Microsoft Visual Studio Solution File, Format Version 12.00
# Visual Studio Version 17
VisualStudioVersion = 17.10.35027.167
MinimumVisualStudioVersion = 10.0.40219.1
Project("{FAE04EC0-301F-11D3-BF4B-00C04F79EFBC}") = "WeddingInvitation.Web.API", "WeddingInvitation.Web.API\WeddingInvitation.Web.API.csproj", "{F137CF27-00E5-4794-937D-39BF64B7240F}"
EndProject
Global
	GlobalSection(SolutionConfigurationPlatforms) = preSolution
		Debug|Any CPU = Debug|Any CPU
		Release|Any CPU = Release|Any CPU
	EndGlobalSection
	GlobalSection(ProjectConfigurationPlatforms) = postSolution
		{F137CF27-00E5-4794-937D-39BF64B7240F}.Debug|Any CPU.ActiveCfg = Debug|Any CPU
		{F137CF27-00E5-4794-937D-39BF64B7240F}.Debug|Any CPU.Build.0 = Debug|Any CPU
		{F137CF27-00E5-4794-937D-39BF64B7240F}.Release|Any CPU.ActiveCfg = Release|Any CPU
		{F137CF27-00E5-4794-937D-39BF64B7240F}.Release|Any CPU.Build.0 = Release|Any CPU
	EndGlobalSection
	GlobalSection(SolutionProperties) = preSolution
		HideSolutionNode = FALSE
	EndGlobalSection
	GlobalSection(ExtensibilityGlobals) = postSolution
		SolutionGuid = {FAF79A75-7FEE-4A6A-B40D-D21CE07EC7BD}
	EndGlobalSection
EndGlobal
